
Microsoft Visual Studio Solution File, Format Version 12.00
# Visual Studio Version 17
VisualStudioVersion = 17.9.34723.18
MinimumVisualStudioVersion = 10.0.40219.1
Project("{888888A0-9F3D-457C-B088-3A5042F75D52}") = "sets_1", "sets_1\sets_1.pyproj", "{9557DEDD-3851-4ADA-BFB5-05B063F01AC3}"
EndProject
Global
	GlobalSection(SolutionConfigurationPlatforms) = preSolution
		Debug|Any CPU = Debug|Any CPU
		Release|Any CPU = Release|Any CPU
	EndGlobalSection
	GlobalSection(ProjectConfigurationPlatforms) = postSolution
		{9557DEDD-3851-4ADA-BFB5-05B063F01AC3}.Debug|Any CPU.ActiveCfg = Debug|Any CPU
		{9557DEDD-3851-4ADA-BFB5-05B063F01AC3}.Release|Any CPU.ActiveCfg = Release|Any CPU
	EndGlobalSection
	GlobalSection(SolutionProperties) = preSolution
		HideSolutionNode = FALSE
	EndGlobalSection
	GlobalSection(ExtensibilityGlobals) = postSolution
		SolutionGuid = {534126EC-A8EB-4BC9-83B3-C9B84D7E52A4}
	EndGlobalSection
EndGlobal
